
Microsoft Visual Studio Solution File, Format Version 12.00
# Visual Studio Version 17
VisualStudioVersion = 17.2.32519.379
MinimumVisualStudioVersion = 10.0.40219.1
Project("{9A19103F-16F7-4668-BE54-9A1E7A4F7556}") = "Geekburger.Dashboard.Api", "Geekburger.Dashboard\Geekburger.Dashboard.Api.csproj", "{18F65D70-0CA9-48C4-A0A5-4547E2D91F49}"
EndProject
Project("{9A19103F-16F7-4668-BE54-9A1E7A4F7556}") = "Geekburger.Dashboard.Contract", "Geekburger.Dashboard.Contract\Geekburger.Dashboard.Contract.csproj", "{EAE59804-804E-4A94-88B1-16B4C55E2E30}"
EndProject
Project("{9A19103F-16F7-4668-BE54-9A1E7A4F7556}") = "Geekburger.Dashboard.Database", "Geekburger.Dashboard.Database\Geekburger.Dashboard.Database.csproj", "{E9F7CA74-0335-402A-AE08-164E4CA1BBD3}"
EndProject
Project("{9A19103F-16F7-4668-BE54-9A1E7A4F7556}") = "Geekburger.Dashboard.Domain", "Geekburger.Dashboard.Domain\Geekburger.Dashboard.Domain.csproj", "{B6460F54-54F8-4417-9F57-9E4736872CBB}"
EndProject
Project("{9A19103F-16F7-4668-BE54-9A1E7A4F7556}") = "Geekburger.Dashboard.Data", "Geekburger.Dashboard.Data\Geekburger.Dashboard.Data.csproj", "{03EFF133-9D82-4A2B-AF87-20DF81A1ECE7}"
EndProject
Project("{9A19103F-16F7-4668-BE54-9A1E7A4F7556}") = "Messages.Service", "..\Geekburger.Services\Messages.Service\Messages.Service.csproj", "{2839879E-D679-4604-89B7-ADD736C7F06C}"
EndProject
Project("{9A19103F-16F7-4668-BE54-9A1E7A4F7556}") = "Geekburger.Dashboard.Services", "Geekburger.Dashboard.Services\Geekburger.Dashboard.Services.csproj", "{BF6B7837-3312-4353-ACA6-BBD636218D0C}"
EndProject
Project("{9A19103F-16F7-4668-BE54-9A1E7A4F7556}") = "Geekburger.Extensions", "..\Geekburger.Services\Geekburger.Extensions\Geekburger.Extensions.csproj", "{D7A6C280-7D7A-45D7-AABE-B7E1651458DF}"
EndProject
Global
	GlobalSection(SolutionConfigurationPlatforms) = preSolution
		Debug|Any CPU = Debug|Any CPU
		Release|Any CPU = Release|Any CPU
	EndGlobalSection
	GlobalSection(ProjectConfigurationPlatforms) = postSolution
		{18F65D70-0CA9-48C4-A0A5-4547E2D91F49}.Debug|Any CPU.ActiveCfg = Debug|Any CPU
		{18F65D70-0CA9-48C4-A0A5-4547E2D91F49}.Debug|Any CPU.Build.0 = Debug|Any CPU
		{18F65D70-0CA9-48C4-A0A5-4547E2D91F49}.Release|Any CPU.ActiveCfg = Release|Any CPU
		{18F65D70-0CA9-48C4-A0A5-4547E2D91F49}.Release|Any CPU.Build.0 = Release|Any CPU
		{EAE59804-804E-4A94-88B1-16B4C55E2E30}.Debug|Any CPU.ActiveCfg = Debug|Any CPU
		{EAE59804-804E-4A94-88B1-16B4C55E2E30}.Debug|Any CPU.Build.0 = Debug|Any CPU
		{EAE59804-804E-4A94-88B1-16B4C55E2E30}.Release|Any CPU.ActiveCfg = Release|Any CPU
		{EAE59804-804E-4A94-88B1-16B4C55E2E30}.Release|Any CPU.Build.0 = Release|Any CPU
		{E9F7CA74-0335-402A-AE08-164E4CA1BBD3}.Debug|Any CPU.ActiveCfg = Debug|Any CPU
		{E9F7CA74-0335-402A-AE08-164E4CA1BBD3}.Debug|Any CPU.Build.0 = Debug|Any CPU
		{E9F7CA74-0335-402A-AE08-164E4CA1BBD3}.Release|Any CPU.ActiveCfg = Release|Any CPU
		{E9F7CA74-0335-402A-AE08-164E4CA1BBD3}.Release|Any CPU.Build.0 = Release|Any CPU
		{B6460F54-54F8-4417-9F57-9E4736872CBB}.Debug|Any CPU.ActiveCfg = Debug|Any CPU
		{B6460F54-54F8-4417-9F57-9E4736872CBB}.Debug|Any CPU.Build.0 = Debug|Any CPU
		{B6460F54-54F8-4417-9F57-9E4736872CBB}.Release|Any CPU.ActiveCfg = Release|Any CPU
		{B6460F54-54F8-4417-9F57-9E4736872CBB}.Release|Any CPU.Build.0 = Release|Any CPU
		{03EFF133-9D82-4A2B-AF87-20DF81A1ECE7}.Debug|Any CPU.ActiveCfg = Debug|Any CPU
		{03EFF133-9D82-4A2B-AF87-20DF81A1ECE7}.Debug|Any CPU.Build.0 = Debug|Any CPU
		{03EFF133-9D82-4A2B-AF87-20DF81A1ECE7}.Release|Any CPU.ActiveCfg = Release|Any CPU
		{03EFF133-9D82-4A2B-AF87-20DF81A1ECE7}.Release|Any CPU.Build.0 = Release|Any CPU
		{2839879E-D679-4604-89B7-ADD736C7F06C}.Debug|Any CPU.ActiveCfg = Debug|Any CPU
		{2839879E-D679-4604-89B7-ADD736C7F06C}.Debug|Any CPU.Build.0 = Debug|Any CPU
		{2839879E-D679-4604-89B7-ADD736C7F06C}.Release|Any CPU.ActiveCfg = Release|Any CPU
		{2839879E-D679-4604-89B7-ADD736C7F06C}.Release|Any CPU.Build.0 = Release|Any CPU
		{BF6B7837-3312-4353-ACA6-BBD636218D0C}.Debug|Any CPU.ActiveCfg = Debug|Any CPU
		{BF6B7837-3312-4353-ACA6-BBD636218D0C}.Debug|Any CPU.Build.0 = Debug|Any CPU
		{BF6B7837-3312-4353-ACA6-BBD636218D0C}.Release|Any CPU.ActiveCfg = Release|Any CPU
		{BF6B7837-3312-4353-ACA6-BBD636218D0C}.Release|Any CPU.Build.0 = Release|Any CPU
		{D7A6C280-7D7A-45D7-AABE-B7E1651458DF}.Debug|Any CPU.ActiveCfg = Debug|Any CPU
		{D7A6C280-7D7A-45D7-AABE-B7E1651458DF}.Debug|Any CPU.Build.0 = Debug|Any CPU
		{D7A6C280-7D7A-45D7-AABE-B7E1651458DF}.Release|Any CPU.ActiveCfg = Release|Any CPU
		{D7A6C280-7D7A-45D7-AABE-B7E1651458DF}.Release|Any CPU.Build.0 = Release|Any CPU
	EndGlobalSection
	GlobalSection(SolutionProperties) = preSolution
		HideSolutionNode = FALSE
	EndGlobalSection
	GlobalSection(ExtensibilityGlobals) = postSolution
		SolutionGuid = {89551E3B-6DFD-407E-9B51-473EFFC707B0}
	EndGlobalSection
EndGlobal
