
Microsoft Visual Studio Solution File, Format Version 12.00
# Visual Studio Version 17
VisualStudioVersion = 17.2.32519.379
MinimumVisualStudioVersion = 10.0.40219.1
Project("{9A19103F-16F7-4668-BE54-9A1E7A4F7556}") = "Geekburger.Dashboard", "Geekburger.Dashboard\Geekburger.Dashboard.csproj", "{18F65D70-0CA9-48C4-A0A5-4547E2D91F49}"
EndProject
Project("{9A19103F-16F7-4668-BE54-9A1E7A4F7556}") = "Geekburger.Dashboard.Contract", "Geekburger.Dashboard.Contract\Geekburger.Dashboard.Contract.csproj", "{EAE59804-804E-4A94-88B1-16B4C55E2E30}"
EndProject
Global
	GlobalSection(SolutionConfigurationPlatforms) = preSolution
		Debug|Any CPU = Debug|Any CPU
		Release|Any CPU = Release|Any CPU
	EndGlobalSection
	GlobalSection(ProjectConfigurationPlatforms) = postSolution
		{18F65D70-0CA9-48C4-A0A5-4547E2D91F49}.Debug|Any CPU.ActiveCfg = Debug|Any CPU
		{18F65D70-0CA9-48C4-A0A5-4547E2D91F49}.Debug|Any CPU.Build.0 = Debug|Any CPU
		{18F65D70-0CA9-48C4-A0A5-4547E2D91F49}.Release|Any CPU.ActiveCfg = Release|Any CPU
		{18F65D70-0CA9-48C4-A0A5-4547E2D91F49}.Release|Any CPU.Build.0 = Release|Any CPU
		{EAE59804-804E-4A94-88B1-16B4C55E2E30}.Debug|Any CPU.ActiveCfg = Debug|Any CPU
		{EAE59804-804E-4A94-88B1-16B4C55E2E30}.Debug|Any CPU.Build.0 = Debug|Any CPU
		{EAE59804-804E-4A94-88B1-16B4C55E2E30}.Release|Any CPU.ActiveCfg = Release|Any CPU
		{EAE59804-804E-4A94-88B1-16B4C55E2E30}.Release|Any CPU.Build.0 = Release|Any CPU
	EndGlobalSection
	GlobalSection(SolutionProperties) = preSolution
		HideSolutionNode = FALSE
	EndGlobalSection
	GlobalSection(ExtensibilityGlobals) = postSolution
		SolutionGuid = {89551E3B-6DFD-407E-9B51-473EFFC707B0}
	EndGlobalSection
EndGlobal
